
Microsoft Visual Studio Solution File, Format Version 12.00
# Visual Studio Version 16
VisualStudioVersion = 16.0.30309.148
MinimumVisualStudioVersion = 10.0.40219.1
Project("{FAE04EC0-301F-11D3-BF4B-00C04F79EFBC}") = "SistemaHotel", "SistemaHotel.csproj", "{474BBBD0-4001-40E9-8B3B-01FEBE4EDA87}"
EndProject
Project("{54435603-DBB4-11D2-8724-00A0C9A8B90C}") = "PDV ZAtec", "..\Setup\PDV ZAtec\PDV ZAtec.vdproj", "{A985E097-7A8A-4048-9F89-24BB4A2B45C1}"
EndProject
Global
	GlobalSection(SolutionConfigurationPlatforms) = preSolution
		Debug|Any CPU = Debug|Any CPU
		Release|Any CPU = Release|Any CPU
	EndGlobalSection
	GlobalSection(ProjectConfigurationPlatforms) = postSolution
		{474BBBD0-4001-40E9-8B3B-01FEBE4EDA87}.Debug|Any CPU.ActiveCfg = Debug|Any CPU
		{474BBBD0-4001-40E9-8B3B-01FEBE4EDA87}.Debug|Any CPU.Build.0 = Debug|Any CPU
		{474BBBD0-4001-40E9-8B3B-01FEBE4EDA87}.Release|Any CPU.ActiveCfg = Release|Any CPU
		{474BBBD0-4001-40E9-8B3B-01FEBE4EDA87}.Release|Any CPU.Build.0 = Release|Any CPU
		{A985E097-7A8A-4048-9F89-24BB4A2B45C1}.Debug|Any CPU.ActiveCfg = Debug
		{A985E097-7A8A-4048-9F89-24BB4A2B45C1}.Release|Any CPU.ActiveCfg = Release
	EndGlobalSection
	GlobalSection(SolutionProperties) = preSolution
		HideSolutionNode = FALSE
	EndGlobalSection
	GlobalSection(ExtensibilityGlobals) = postSolution
		SolutionGuid = {B59D0FA8-175F-41E6-8DF9-9B5CA1A9ED52}
	EndGlobalSection
EndGlobal
