
Microsoft Visual Studio Solution File, Format Version 12.00
# Visual Studio Version 17
VisualStudioVersion = 17.7.34024.191
MinimumVisualStudioVersion = 10.0.40219.1
Project("{FAE04EC0-301F-11D3-BF4B-00C04F79EFBC}") = "teste pdv", "teste pdv.csproj", "{662DBA34-18C2-4DEB-B78B-A34AF69CC086}"
EndProject
Global
	GlobalSection(SolutionConfigurationPlatforms) = preSolution
		Debug|Any CPU = Debug|Any CPU
		Release|Any CPU = Release|Any CPU
	EndGlobalSection
	GlobalSection(ProjectConfigurationPlatforms) = postSolution
		{662DBA34-18C2-4DEB-B78B-A34AF69CC086}.Debug|Any CPU.ActiveCfg = Debug|Any CPU
		{662DBA34-18C2-4DEB-B78B-A34AF69CC086}.Debug|Any CPU.Build.0 = Debug|Any CPU
		{662DBA34-18C2-4DEB-B78B-A34AF69CC086}.Release|Any CPU.ActiveCfg = Release|Any CPU
		{662DBA34-18C2-4DEB-B78B-A34AF69CC086}.Release|Any CPU.Build.0 = Release|Any CPU
	EndGlobalSection
	GlobalSection(SolutionProperties) = preSolution
		HideSolutionNode = FALSE
	EndGlobalSection
	GlobalSection(ExtensibilityGlobals) = postSolution
		SolutionGuid = {31BC5D97-1C13-4C13-8DFF-354E786B4A72}
	EndGlobalSection
EndGlobal
