
Microsoft Visual Studio Solution File, Format Version 12.00
# Visual Studio Version 17
VisualStudioVersion = 17.7.34024.191
MinimumVisualStudioVersion = 10.0.40219.1
Project("{FAE04EC0-301F-11D3-BF4B-00C04F79EFBC}") = "Calculadora", "Calculadora\Calculadora.csproj", "{A6641B4B-53B3-4EEE-A12A-D99495376594}"
EndProject
Global
	GlobalSection(SolutionConfigurationPlatforms) = preSolution
		Debug|Any CPU = Debug|Any CPU
		Release|Any CPU = Release|Any CPU
	EndGlobalSection
	GlobalSection(ProjectConfigurationPlatforms) = postSolution
		{A6641B4B-53B3-4EEE-A12A-D99495376594}.Debug|Any CPU.ActiveCfg = Debug|Any CPU
		{A6641B4B-53B3-4EEE-A12A-D99495376594}.Debug|Any CPU.Build.0 = Debug|Any CPU
		{A6641B4B-53B3-4EEE-A12A-D99495376594}.Release|Any CPU.ActiveCfg = Release|Any CPU
		{A6641B4B-53B3-4EEE-A12A-D99495376594}.Release|Any CPU.Build.0 = Release|Any CPU
	EndGlobalSection
	GlobalSection(SolutionProperties) = preSolution
		HideSolutionNode = FALSE
	EndGlobalSection
	GlobalSection(ExtensibilityGlobals) = postSolution
		SolutionGuid = {B73F418A-6760-42C6-9E85-1F1D70FD89FC}
	EndGlobalSection
EndGlobal
